
Microsoft Visual Studio Solution File, Format Version 12.00
# Visual Studio Version 17
VisualStudioVersion = 17.14.36414.22 d17.14
MinimumVisualStudioVersion = 10.0.40219.1
Project("{FAE04EC0-301F-11D3-BF4B-00C04F79EFBC}") = "RodriguezAntorena_Soto", "Antorena_Soto\RodriguezAntorena_Soto.csproj", "{C3912158-5968-410D-9F1B-34F08460BCEA}"
EndProject
Global
	GlobalSection(SolutionConfigurationPlatforms) = preSolution
		Debug|Any CPU = Debug|Any CPU
		Release|Any CPU = Release|Any CPU
	EndGlobalSection
	GlobalSection(ProjectConfigurationPlatforms) = postSolution
		{C3912158-5968-410D-9F1B-34F08460BCEA}.Debug|Any CPU.ActiveCfg = Debug|Any CPU
		{C3912158-5968-410D-9F1B-34F08460BCEA}.Debug|Any CPU.Build.0 = Debug|Any CPU
		{C3912158-5968-410D-9F1B-34F08460BCEA}.Release|Any CPU.ActiveCfg = Release|Any CPU
		{C3912158-5968-410D-9F1B-34F08460BCEA}.Release|Any CPU.Build.0 = Release|Any CPU
	EndGlobalSection
	GlobalSection(SolutionProperties) = preSolution
		HideSolutionNode = FALSE
	EndGlobalSection
	GlobalSection(ExtensibilityGlobals) = postSolution
		SolutionGuid = {F4FD6FEC-2ADE-4CEA-AF51-7BD14201AA07}
	EndGlobalSection
EndGlobal
